// !$*UTF8*$!
{
	archiveVersion = 1;
	classes = {
	};
	objectVersion = 46;
	objects = {

/* Begin PBXBuildFile section */
		04FF892C1FBAFB8900D090AC /* AppDelegate.swift in Sources */ = {isa = PBXBuildFile; fileRef = 04FF892B1FBAFB8900D090AC /* AppDelegate.swift */; };
		04FF892E1FBAFB8900D090AC /* ViewController.swift in Sources */ = {isa = PBXBuildFile; fileRef = 04FF892D1FBAFB8900D090AC /* ViewController.swift */; };
		04FF89311FBAFB8900D090AC /* Main.storyboard in Resources */ = {isa = PBXBuildFile; fileRef = 04FF892F1FBAFB8900D090AC /* Main.storyboard */; };
		04FF89331FBAFB8900D090AC /* Assets.xcassets in Resources */ = {isa = PBXBuildFile; fileRef = 04FF89321FBAFB8900D090AC /* Assets.xcassets */; };
		04FF89361FBAFB8900D090AC /* LaunchScreen.storyboard in Resources */ = {isa = PBXBuildFile; fileRef = 04FF89341FBAFB8900D090AC /* LaunchScreen.storyboard */; };
		04FF89411FBAFB8900D090AC /* _5_ClosureTests.swift in Sources */ = {isa = PBXBuildFile; fileRef = 04FF89401FBAFB8900D090AC /* _5_ClosureTests.swift */; };
		04FF894C1FBAFB8900D090AC /* _5_ClosureUITests.swift in Sources */ = {isa = PBXBuildFile; fileRef = 04FF894B1FBAFB8900D090AC /* _5_ClosureUITests.swift */; };
		04FF895A1FBAFC7000D090AC /* HttpTool.swift in Sources */ = {isa = PBXBuildFile; fileRef = 04FF89591FBAFC7000D090AC /* HttpTool.swift */; };
/* End PBXBuildFile section */

/* Begin PBXContainerItemProxy section */
		04FF893D1FBAFB8900D090AC /* PBXContainerItemProxy */ = {
			isa = PBXContainerItemProxy;
			containerPortal = 04FF89201FBAFB8900D090AC /* Project object */;
			proxyType = 1;
			remoteGlobalIDString = 04FF89271FBAFB8900D090AC;
			remoteInfo = "15-Closure";
		};
		04FF89481FBAFB8900D090AC /* PBXContainerItemProxy */ = {
			isa = PBXContainerItemProxy;
			containerPortal = 04FF89201FBAFB8900D090AC /* Project object */;
			proxyType = 1;
			remoteGlobalIDString = 04FF89271FBAFB8900D090AC;
			remoteInfo = "15-Closure";
		};
/* End PBXContainerItemProxy section */

/* Begin PBXFileReference section */
		04FF89281FBAFB8900D090AC /* 15-Closure.app */ = {isa = PBXFileReference; explicitFileType = wrapper.application; includeInIndex = 0; path = "15-Closure.app"; sourceTree = BUILT_PRODUCTS_DIR; };
		04FF892B1FBAFB8900D090AC /* AppDelegate.swift */ = {isa = PBXFileReference; lastKnownFileType = sourcecode.swift; path = AppDelegate.swift; sourceTree = "<group>"; };
		04FF892D1FBAFB8900D090AC /* ViewController.swift */ = {isa = PBXFileReference; lastKnownFileType = sourcecode.swift; path = ViewController.swift; sourceTree = "<group>"; };
		04FF89301FBAFB8900D090AC /* Base */ = {isa = PBXFileReference; lastKnownFileType = file.storyboard; name = Base; path = Base.lproj/Main.storyboard; sourceTree = "<group>"; };
		04FF89321FBAFB8900D090AC /* Assets.xcassets */ = {isa = PBXFileReference; lastKnownFileType = folder.assetcatalog; path = Assets.xcassets; sourceTree = "<group>"; };
		04FF89351FBAFB8900D090AC /* Base */ = {isa = PBXFileReference; lastKnownFileType = file.storyboard; name = Base; path = Base.lproj/LaunchScreen.storyboard; sourceTree = "<group>"; };
		04FF89371FBAFB8900D090AC /* Info.plist */ = {isa = PBXFileReference; lastKnownFileType = text.plist.xml; path = Info.plist; sourceTree = "<group>"; };
		04FF893C1FBAFB8900D090AC /* 15-ClosureTests.xctest */ = {isa = PBXFileReference; explicitFileType = wrapper.cfbundle; includeInIndex = 0; path = "15-ClosureTests.xctest"; sourceTree = BUILT_PRODUCTS_DIR; };
		04FF89401FBAFB8900D090AC /* _5_ClosureTests.swift */ = {isa = PBXFileReference; lastKnownFileType = sourcecode.swift; path = _5_ClosureTests.swift; sourceTree = "<group>"; };
		04FF89421FBAFB8900D090AC /* Info.plist */ = {isa = PBXFileReference; lastKnownFileType = text.plist.xml; path = Info.plist; sourceTree = "<group>"; };
		04FF89471FBAFB8900D090AC /* 15-ClosureUITests.xctest */ = {isa = PBXFileReference; explicitFileType = wrapper.cfbundle; includeInIndex = 0; path = "15-ClosureUITests.xctest"; sourceTree = BUILT_PRODUCTS_DIR; };
		04FF894B1FBAFB8900D090AC /* _5_ClosureUITests.swift */ = {isa = PBXFileReference; lastKnownFileType = sourcecode.swift; path = _5_ClosureUITests.swift; sourceTree = "<group>"; };
		04FF894D1FBAFB8900D090AC /* Info.plist */ = {isa = PBXFileReference; lastKnownFileType = text.plist.xml; path = Info.plist; sourceTree = "<group>"; };
		04FF89591FBAFC7000D090AC /* HttpTool.swift */ = {isa = PBXFileReference; fileEncoding = 4; lastKnownFileType = sourcecode.swift; path = HttpTool.swift; sourceTree = "<group>"; };
/* End PBXFileReference section */

/* Begin PBXFrameworksBuildPhase section */
		04FF89251FBAFB8900D090AC /* Frameworks */ = {
			isa = PBXFrameworksBuildPhase;
			buildActionMask = 2147483647;
			files = (
			);
			runOnlyForDeploymentPostprocessing = 0;
		};
		04FF89391FBAFB8900D090AC /* Frameworks */ = {
			isa = PBXFrameworksBuildPhase;
			buildActionMask = 2147483647;
			files = (
			);
			runOnlyForDeploymentPostprocessing = 0;
		};
		04FF89441FBAFB8900D090AC /* Frameworks */ = {
			isa = PBXFrameworksBuildPhase;
			buildActionMask = 2147483647;
			files = (
			);
			runOnlyForDeploymentPostprocessing = 0;
		};
/* End PBXFrameworksBuildPhase section */

/* Begin PBXGroup section */
		04FF891F1FBAFB8900D090AC = {
			isa = PBXGroup;
			children = (
				04FF892A1FBAFB8900D090AC /* 15-Closure */,
				04FF893F1FBAFB8900D090AC /* 15-ClosureTests */,
				04FF894A1FBAFB8900D090AC /* 15-ClosureUITests */,
				04FF89291FBAFB8900D090AC /* Products */,
			);
			sourceTree = "<group>";
		};
		04FF89291FBAFB8900D090AC /* Products */ = {
			isa = PBXGroup;
			children = (
				04FF89281FBAFB8900D090AC /* 15-Closure.app */,
				04FF893C1FBAFB8900D090AC /* 15-ClosureTests.xctest */,
				04FF89471FBAFB8900D090AC /* 15-ClosureUITests.xctest */,
			);
			name = Products;
			sourceTree = "<group>";
		};
		04FF892A1FBAFB8900D090AC /* 15-Closure */ = {
			isa = PBXGroup;
			children = (
				04FF892B1FBAFB8900D090AC /* AppDelegate.swift */,
				04FF892D1FBAFB8900D090AC /* ViewController.swift */,
				04FF892F1FBAFB8900D090AC /* Main.storyboard */,
				04FF89321FBAFB8900D090AC /* Assets.xcassets */,
				04FF89341FBAFB8900D090AC /* LaunchScreen.storyboard */,
				04FF89371FBAFB8900D090AC /* Info.plist */,
				04FF89591FBAFC7000D090AC /* HttpTool.swift */,
			);
			path = "15-Closure";
			sourceTree = "<group>";
		};
		04FF893F1FBAFB8900D090AC /* 15-ClosureTests */ = {
			isa = PBXGroup;
			children = (
				04FF89401FBAFB8900D090AC /* _5_ClosureTests.swift */,
				04FF89421FBAFB8900D090AC /* Info.plist */,
			);
			path = "15-ClosureTests";
			sourceTree = "<group>";
		};
		04FF894A1FBAFB8900D090AC /* 15-ClosureUITests */ = {
			isa = PBXGroup;
			children = (
				04FF894B1FBAFB8900D090AC /* _5_ClosureUITests.swift */,
				04FF894D1FBAFB8900D090AC /* Info.plist */,
			);
			path = "15-ClosureUITests";
			sourceTree = "<group>";
		};
/* End PBXGroup section */

/* Begin PBXNativeTarget section */
		04FF89271FBAFB8900D090AC /* 15-Closure */ = {
			isa = PBXNativeTarget;
			buildConfigurationList = 04FF89501FBAFB8900D090AC /* Build configuration list for PBXNativeTarget "15-Closure" */;
			buildPhases = (
				04FF89241FBAFB8900D090AC /* Sources */,
				04FF89251FBAFB8900D090AC /* Frameworks */,
				04FF89261FBAFB8900D090AC /* Resources */,
			);
			buildRules = (
			);
			dependencies = (
			);
			name = "15-Closure";
			productName = "15-Closure";
			productReference = 04FF89281FBAFB8900D090AC /* 15-Closure.app */;
			productType = "com.apple.product-type.application";
		};
		04FF893B1FBAFB8900D090AC /* 15-ClosureTests */ = {
			isa = PBXNativeTarget;
			buildConfigurationList = 04FF89531FBAFB8900D090AC /* Build configuration list for PBXNativeTarget "15-ClosureTests" */;
			buildPhases = (
				04FF89381FBAFB8900D090AC /* Sources */,
				04FF89391FBAFB8900D090AC /* Frameworks */,
				04FF893A1FBAFB8900D090AC /* Resources */,
			);
			buildRules = (
			);
			dependencies = (
				04FF893E1FBAFB8900D090AC /* PBXTargetDependency */,
			);
			name = "15-ClosureTests";
			productName = "15-ClosureTests";
			productReference = 04FF893C1FBAFB8900D090AC /* 15-ClosureTests.xctest */;
			productType = "com.apple.product-type.bundle.unit-test";
		};
		04FF89461FBAFB8900D090AC /* 15-ClosureUITests */ = {
			isa = PBXNativeTarget;
			buildConfigurationList = 04FF89561FBAFB8900D090AC /* Build configuration list for PBXNativeTarget "15-ClosureUITests" */;
			buildPhases = (
				04FF89431FBAFB8900D090AC /* Sources */,
				04FF89441FBAFB8900D090AC /* Frameworks */,
				04FF89451FBAFB8900D090AC /* Resources */,
			);
			buildRules = (
			);
			dependencies = (
				04FF89491FBAFB8900D090AC /* PBXTargetDependency */,
			);
			name = "15-ClosureUITests";
			productName = "15-ClosureUITests";
			productReference = 04FF89471FBAFB8900D090AC /* 15-ClosureUITests.xctest */;
			productType = "com.apple.product-type.bundle.ui-testing";
		};
/* End PBXNativeTarget section */

/* Begin PBXProject section */
		04FF89201FBAFB8900D090AC /* Project object */ = {
			isa = PBXProject;
			attributes = {
				LastSwiftUpdateCheck = 0730;
				LastUpgradeCheck = 0730;
				ORGANIZATIONNAME = jack;
				TargetAttributes = {
					04FF89271FBAFB8900D090AC = {
						CreatedOnToolsVersion = 7.3.1;
					};
					04FF893B1FBAFB8900D090AC = {
						CreatedOnToolsVersion = 7.3.1;
						TestTargetID = 04FF89271FBAFB8900D090AC;
					};
					04FF89461FBAFB8900D090AC = {
						CreatedOnToolsVersion = 7.3.1;
						TestTargetID = 04FF89271FBAFB8900D090AC;
					};
				};
			};
			buildConfigurationList = 04FF89231FBAFB8900D090AC /* Build configuration list for PBXProject "15-Closure" */;
			compatibilityVersion = "Xcode 3.2";
			developmentRegion = English;
			hasScannedForEncodings = 0;
			knownRegions = (
				en,
				Base,
			);
			mainGroup = 04FF891F1FBAFB8900D090AC;
			productRefGroup = 04FF89291FBAFB8900D090AC /* Products */;
			projectDirPath = "";
			projectRoot = "";
			targets = (
				04FF89271FBAFB8900D090AC /* 15-Closure */,
				04FF893B1FBAFB8900D090AC /* 15-ClosureTests */,
				04FF89461FBAFB8900D090AC /* 15-ClosureUITests */,
			);
		};
/* End PBXProject section */

/* Begin PBXResourcesBuildPhase section */
		04FF89261FBAFB8900D090AC /* Resources */ = {
			isa = PBXResourcesBuildPhase;
			buildActionMask = 2147483647;
			files = (
				04FF89361FBAFB8900D090AC /* LaunchScreen.storyboard in Resources */,
				04FF89331FBAFB8900D090AC /* Assets.xcassets in Resources */,
				04FF89311FBAFB8900D090AC /* Main.storyboard in Resources */,
			);
			runOnlyForDeploymentPostprocessing = 0;
		};
		04FF893A1FBAFB8900D090AC /* Resources */ = {
			isa = PBXResourcesBuildPhase;
			buildActionMask = 2147483647;
			files = (
			);
			runOnlyForDeploymentPostprocessing = 0;
		};
		04FF89451FBAFB8900D090AC /* Resources */ = {
			isa = PBXResourcesBuildPhase;
			buildActionMask = 2147483647;
			files = (
			);
			runOnlyForDeploymentPostprocessing = 0;
		};
/* End PBXResourcesBuildPhase section */

/* Begin PBXSourcesBuildPhase section */
		04FF89241FBAFB8900D090AC /* Sources */ = {
			isa = PBXSourcesBuildPhase;
			buildActionMask = 2147483647;
			files = (
				04FF895A1FBAFC7000D090AC /* HttpTool.swift in Sources */,
				04FF892E1FBAFB8900D090AC /* ViewController.swift in Sources */,
				04FF892C1FBAFB8900D090AC /* AppDelegate.swift in Sources */,
			);
			runOnlyForDeploymentPostprocessing = 0;
		};
		04FF89381FBAFB8900D090AC /* Sources */ = {
			isa = PBXSourcesBuildPhase;
			buildActionMask = 2147483647;
			files = (
				04FF89411FBAFB8900D090AC /* _5_ClosureTests.swift in Sources */,
			);
			runOnlyForDeploymentPostprocessing = 0;
		};
		04FF89431FBAFB8900D090AC /* Sources */ = {
			isa = PBXSourcesBuildPhase;
			buildActionMask = 2147483647;
			files = (
				04FF894C1FBAFB8900D090AC /* _5_ClosureUITests.swift in Sources */,
			);
			runOnlyForDeploymentPostprocessing = 0;
		};
/* End PBXSourcesBuildPhase section */

/* Begin PBXTargetDependency section */
		04FF893E1FBAFB8900D090AC /* PBXTargetDependency */ = {
			isa = PBXTargetDependency;
			target = 04FF89271FBAFB8900D090AC /* 15-Closure */;
			targetProxy = 04FF893D1FBAFB8900D090AC /* PBXContainerItemProxy */;
		};
		04FF89491FBAFB8900D090AC /* PBXTargetDependency */ = {
			isa = PBXTargetDependency;
			target = 04FF89271FBAFB8900D090AC /* 15-Closure */;
			targetProxy = 04FF89481FBAFB8900D090AC /* PBXContainerItemProxy */;
		};
/* End PBXTargetDependency section */

/* Begin PBXVariantGroup section */
		04FF892F1FBAFB8900D090AC /* Main.storyboard */ = {
			isa = PBXVariantGroup;
			children = (
				04FF89301FBAFB8900D090AC /* Base */,
			);
			name = Main.storyboard;
			sourceTree = "<group>";
		};
		04FF89341FBAFB8900D090AC /* LaunchScreen.storyboard */ = {
			isa = PBXVariantGroup;
			children = (
				04FF89351FBAFB8900D090AC /* Base */,
			);
			name = LaunchScreen.storyboard;
			sourceTree = "<group>";
		};
/* End PBXVariantGroup section */

/* Begin XCBuildConfiguration section */
		04FF894E1FBAFB8900D090AC /* Debug */ = {
			isa = XCBuildConfiguration;
			buildSettings = {
				ALWAYS_SEARCH_USER_PATHS = NO;
				CLANG_ANALYZER_NONNULL = YES;
				CLANG_CXX_LANGUAGE_STANDARD = "gnu++0x";
				CLANG_CXX_LIBRARY = "libc++";
				CLANG_ENABLE_MODULES = YES;
				CLANG_ENABLE_OBJC_ARC = YES;
				CLANG_WARN_BOOL_CONVERSION = YES;
				CLANG_WARN_CONSTANT_CONVERSION = YES;
				CLANG_WARN_DIRECT_OBJC_ISA_USAGE = YES_ERROR;
				CLANG_WARN_EMPTY_BODY = YES;
				CLANG_WARN_ENUM_CONVERSION = YES;
				CLANG_WARN_INT_CONVERSION = YES;
				CLANG_WARN_OBJC_ROOT_CLASS = YES_ERROR;
				CLANG_WARN_UNREACHABLE_CODE = YES;
				CLANG_WARN__DUPLICATE_METHOD_MATCH = YES;
				"CODE_SIGN_IDENTITY[sdk=iphoneos*]" = "iPhone Developer";
				COPY_PHASE_STRIP = NO;
				DEBUG_INFORMATION_FORMAT = dwarf;
				ENABLE_STRICT_OBJC_MSGSEND = YES;
				ENABLE_TESTABILITY = YES;
				GCC_C_LANGUAGE_STANDARD = gnu99;
				GCC_DYNAMIC_NO_PIC = NO;
				GCC_NO_COMMON_BLOCKS = YES;
				GCC_OPTIMIZATION_LEVEL = 0;
				GCC_PREPROCESSOR_DEFINITIONS = (
					"DEBUG=1",
					"$(inherited)",
				);
				GCC_WARN_64_TO_32_BIT_CONVERSION = YES;
				GCC_WARN_ABOUT_RETURN_TYPE = YES_ERROR;
				GCC_WARN_UNDECLARED_SELECTOR = YES;
				GCC_WARN_UNINITIALIZED_AUTOS = YES_AGGRESSIVE;
				GCC_WARN_UNUSED_FUNCTION = YES;
				GCC_WARN_UNUSED_VARIABLE = YES;
				IPHONEOS_DEPLOYMENT_TARGET = 9.3;
				MTL_ENABLE_DEBUG_INFO = YES;
				ONLY_ACTIVE_ARCH = YES;
				SDKROOT = iphoneos;
				SWIFT_OPTIMIZATION_LEVEL = "-Onone";
				TARGETED_DEVICE_FAMILY = "1,2";
			};
			name = Debug;
		};
		04FF894F1FBAFB8900D090AC /* Release */ = {
			isa = XCBuildConfiguration;
			buildSettings = {
				ALWAYS_SEARCH_USER_PATHS = NO;
				CLANG_ANALYZER_NONNULL = YES;
				CLANG_CXX_LANGUAGE_STANDARD = "gnu++0x";
				CLANG_CXX_LIBRARY = "libc++";
				CLANG_ENABLE_MODULES = YES;
				CLANG_ENABLE_OBJC_ARC = YES;
				CLANG_WARN_BOOL_CONVERSION = YES;
				CLANG_WARN_CONSTANT_CONVERSION = YES;
				CLANG_WARN_DIRECT_OBJC_ISA_USAGE = YES_ERROR;
				CLANG_WARN_EMPTY_BODY = YES;
				CLANG_WARN_ENUM_CONVERSION = YES;
				CLANG_WARN_INT_CONVERSION = YES;
				CLANG_WARN_OBJC_ROOT_CLASS = YES_ERROR;
				CLANG_WARN_UNREACHABLE_CODE = YES;
				CLANG_WARN__DUPLICATE_METHOD_MATCH = YES;
				"CODE_SIGN_IDENTITY[sdk=iphoneos*]" = "iPhone Developer";
				COPY_PHASE_STRIP = NO;
				DEBUG_INFORMATION_FORMAT = "dwarf-with-dsym";
				ENABLE_NS_ASSERTIONS = NO;
				ENABLE_STRICT_OBJC_MSGSEND = YES;
				GCC_C_LANGUAGE_STANDARD = gnu99;
				GCC_NO_COMMON_BLOCKS = YES;
				GCC_WARN_64_TO_32_BIT_CONVERSION = YES;
				GCC_WARN_ABOUT_RETURN_TYPE = YES_ERROR;
				GCC_WARN_UNDECLARED_SELECTOR = YES;
				GCC_WARN_UNINITIALIZED_AUTOS = YES_AGGRESSIVE;
				GCC_WARN_UNUSED_FUNCTION = YES;
				GCC_WARN_UNUSED_VARIABLE = YES;
				IPHONEOS_DEPLOYMENT_TARGET = 9.3;
				MTL_ENABLE_DEBUG_INFO = NO;
				SDKROOT = iphoneos;
				TARGETED_DEVICE_FAMILY = "1,2";
				VALIDATE_PRODUCT = YES;
			};
			name = Release;
		};
		04FF89511FBAFB8900D090AC /* Debug */ = {
			isa = XCBuildConfiguration;
			buildSettings = {
				ASSETCATALOG_COMPILER_APPICON_NAME = AppIcon;
				INFOPLIST_FILE = "15-Closure/Info.plist";
				LD_RUNPATH_SEARCH_PATHS = "$(inherited) @executable_path/Frameworks";
				PRODUCT_BUNDLE_IDENTIFIER = "com.learner.-5-Closure";
				PRODUCT_NAME = "$(TARGET_NAME)";
			};
			name = Debug;
		};
		04FF89521FBAFB8900D090AC /* Release */ = {
			isa = XCBuildConfiguration;
			buildSettings = {
				ASSETCATALOG_COMPILER_APPICON_NAME = AppIcon;
				INFOPLIST_FILE = "15-Closure/Info.plist";
				LD_RUNPATH_SEARCH_PATHS = "$(inherited) @executable_path/Frameworks";
				PRODUCT_BUNDLE_IDENTIFIER = "com.learner.-5-Closure";
				PRODUCT_NAME = "$(TARGET_NAME)";
			};
			name = Release;
		};
		04FF89541FBAFB8900D090AC /* Debug */ = {
			isa = XCBuildConfiguration;
			buildSettings = {
				BUNDLE_LOADER = "$(TEST_HOST)";
				INFOPLIST_FILE = "15-ClosureTests/Info.plist";
				LD_RUNPATH_SEARCH_PATHS = "$(inherited) @executable_path/Frameworks @loader_path/Frameworks";
				PRODUCT_BUNDLE_IDENTIFIER = "com.learner.-5-ClosureTests";
				PRODUCT_NAME = "$(TARGET_NAME)";
				TEST_HOST = "$(BUILT_PRODUCTS_DIR)/15-Closure.app/15-Closure";
			};
			name = Debug;
		};
		04FF89551FBAFB8900D090AC /* Release */ = {
			isa = XCBuildConfiguration;
			buildSettings = {
				BUNDLE_LOADER = "$(TEST_HOST)";
				INFOPLIST_FILE = "15-ClosureTests/Info.plist";
				LD_RUNPATH_SEARCH_PATHS = "$(inherited) @executable_path/Frameworks @loader_path/Frameworks";
				PRODUCT_BUNDLE_IDENTIFIER = "com.learner.-5-ClosureTests";
				PRODUCT_NAME = "$(TARGET_NAME)";
				TEST_HOST = "$(BUILT_PRODUCTS_DIR)/15-Closure.app/15-Closure";
			};
			name = Release;
		};
		04FF89571FBAFB8900D090AC /* Debug */ = {
			isa = XCBuildConfiguration;
			buildSettings = {
				INFOPLIST_FILE = "15-ClosureUITests/Info.plist";
				LD_RUNPATH_SEARCH_PATHS = "$(inherited) @executable_path/Frameworks @loader_path/Frameworks";
				PRODUCT_BUNDLE_IDENTIFIER = "com.learner.-5-ClosureUITests";
				PRODUCT_NAME = "$(TARGET_NAME)";
				TEST_TARGET_NAME = "15-Closure";
			};
			name = Debug;
		};
		04FF89581FBAFB8900D090AC /* Release */ = {
			isa = XCBuildConfiguration;
			buildSettings = {
				INFOPLIST_FILE = "15-ClosureUITests/Info.plist";
				LD_RUNPATH_SEARCH_PATHS = "$(inherited) @executable_path/Frameworks @loader_path/Frameworks";
				PRODUCT_BUNDLE_IDENTIFIER = "com.learner.-5-ClosureUITests";
				PRODUCT_NAME = "$(TARGET_NAME)";
				TEST_TARGET_NAME = "15-Closure";
			};
			name = Release;
		};
/* End XCBuildConfiguration section */

/* Begin XCConfigurationList section */
		04FF89231FBAFB8900D090AC /* Build configuration list for PBXProject "15-Closure" */ = {
			isa = XCConfigurationList;
			buildConfigurations = (
				04FF894E1FBAFB8900D090AC /* Debug */,
				04FF894F1FBAFB8900D090AC /* Release */,
			);
			defaultConfigurationIsVisible = 0;
			defaultConfigurationName = Release;
		};
		04FF89501FBAFB8900D090AC /* Build configuration list for PBXNativeTarget "15-Closure" */ = {
			isa = XCConfigurationList;
			buildConfigurations = (
				04FF89511FBAFB8900D090AC /* Debug */,
				04FF89521FBAFB8900D090AC /* Release */,
			);
			defaultConfigurationIsVisible = 0;
		};
		04FF89531FBAFB8900D090AC /* Build configuration list for PBXNativeTarget "15-ClosureTests" */ = {
			isa = XCConfigurationList;
			buildConfigurations = (
				04FF89541FBAFB8900D090AC /* Debug */,
				04FF89551FBAFB8900D090AC /* Release */,
			);
			defaultConfigurationIsVisible = 0;
		};
		04FF89561FBAFB8900D090AC /* Build configuration list for PBXNativeTarget "15-ClosureUITests" */ = {
			isa = XCConfigurationList;
			buildConfigurations = (
				04FF89571FBAFB8900D090AC /* Debug */,
				04FF89581FBAFB8900D090AC /* Release */,
			);
			defaultConfigurationIsVisible = 0;
		};
/* End XCConfigurationList section */
	};
	rootObject = 04FF89201FBAFB8900D090AC /* Project object */;
}
